# Generated by Dagger. Pins the images and git refs this workspace uses.
# Any Dagger command may update this file; always commit it with your changes.
# Run `dagger workspace update` to refresh the pinned versions.
[["version","2"]]
["","git-latest",["github.com/dagger/go"],"refs/heads/main"]
["","git-sha",["github.com/dagger/go","refs/heads/main"],"268add4dcda12decd135ffba51a5dcd1cd00c74c"]
["","oci-sha",["docker.io/library/golang:1.26-alpine"],"sha256:ce864e7223ac17b1775e6fd0b4c0db580c2eb50e7953a427916379e4b92a1628"]
["","oci-sha",["docker.io/library/golang:1.26-bookworm"],"sha256:9fdc884aacc3bec89b20ffc69f4bb369c78210e3e4f600387b5128b12c199f81"]
["","vanity-url",["https://dagger.io/go"],"https://github.com/dagger/go"]